
Microsoft Visual Studio Solution File, Format Version 12.00
# Visual Studio Version 16
VisualStudioVersion = 16.0.29806.167
MinimumVisualStudioVersion = 10.0.40219.1
Project("{9A19103F-16F7-4668-BE54-9A1E7A4F7556}") = "Bog", "Bog\Bog.csproj", "{B0602F83-95F3-4B78-9A03-844070FE119D}"
EndProject
Project("{9A19103F-16F7-4668-BE54-9A1E7A4F7556}") = "LilleTabel", "LilleTabel\LilleTabel.csproj", "{4D2B7D5A-3978-4BCA-A5EE-5F3AA89B4C00}"
EndProject
Project("{9A19103F-16F7-4668-BE54-9A1E7A4F7556}") = "Collections", "Collections\Collections.csproj", "{2EE87315-8EC2-4413-88AA-6EC95A778A9E}"
EndProject
Project("{9A19103F-16F7-4668-BE54-9A1E7A4F7556}") = "NedarvPerson", "NedarvPerson\NedarvPerson.csproj", "{926FC29E-2784-469E-93DB-913C5209EF76}"
EndProject
Project("{9A19103F-16F7-4668-BE54-9A1E7A4F7556}") = "IntStructEnum", "IntStructEnum\IntStructEnum.csproj", "{F4A272C4-0D91-42C4-A8D3-5E7107F33B2B}"
EndProject
Project("{9A19103F-16F7-4668-BE54-9A1E7A4F7556}") = "Exceptions", "Exceptions\Exceptions.csproj", "{4B487C7B-5940-4895-9494-5F937D0D2FD1}"
EndProject
Project("{9A19103F-16F7-4668-BE54-9A1E7A4F7556}") = "Regnemaskine", "Regnemaskine\Regnemaskine.csproj", "{21EEC2E9-9173-40B0-BDAB-FBA76CD8580C}"
EndProject
Project("{9A19103F-16F7-4668-BE54-9A1E7A4F7556}") = "Anon", "Anon\Anon.csproj", "{8A1CCB52-6471-4ACF-B831-BCA3594D0360}"
EndProject
Project("{9A19103F-16F7-4668-BE54-9A1E7A4F7556}") = "Disco", "Disco\Disco.csproj", "{DCA0AE40-A830-45AD-B3E7-FC14B015AA81}"
EndProject
Project("{9A19103F-16F7-4668-BE54-9A1E7A4F7556}") = "TwoDShape", "TwoDShape\TwoDShape.csproj", "{E9603460-272C-42D0-A74B-AC0531B81810}"
EndProject
Project("{9A19103F-16F7-4668-BE54-9A1E7A4F7556}") = "Bladkompagniet", "Bladkompagniet\Bladkompagniet\Bladkompagniet.csproj", "{180FF56C-AAB3-4AE3-A4F9-E977DDEEF412}"
EndProject
Project("{FAE04EC0-301F-11D3-BF4B-00C04F79EFBC}") = "RentACar", "RentACar\RentACar.csproj", "{E329617A-6DF8-4427-8324-F7899E5D9C8C}"
EndProject
Project("{9A19103F-16F7-4668-BE54-9A1E7A4F7556}") = "RentACarMenu", "RentACarMenu\RentACarMenu.csproj", "{C149CAAF-51A0-4FEA-8746-D2CBEBE4A1AD}"
EndProject
Project("{FAE04EC0-301F-11D3-BF4B-00C04F79EFBC}") = "RentACarVaskehal", "RentACarVaskehal\RentACarVaskehal.csproj", "{92B50A3F-1224-4086-A51C-D26844388013}"
EndProject
Global
	GlobalSection(SolutionConfigurationPlatforms) = preSolution
		Debug|Any CPU = Debug|Any CPU
		Release|Any CPU = Release|Any CPU
	EndGlobalSection
	GlobalSection(ProjectConfigurationPlatforms) = postSolution
		{B0602F83-95F3-4B78-9A03-844070FE119D}.Debug|Any CPU.ActiveCfg = Debug|Any CPU
		{B0602F83-95F3-4B78-9A03-844070FE119D}.Debug|Any CPU.Build.0 = Debug|Any CPU
		{B0602F83-95F3-4B78-9A03-844070FE119D}.Release|Any CPU.ActiveCfg = Release|Any CPU
		{B0602F83-95F3-4B78-9A03-844070FE119D}.Release|Any CPU.Build.0 = Release|Any CPU
		{4D2B7D5A-3978-4BCA-A5EE-5F3AA89B4C00}.Debug|Any CPU.ActiveCfg = Debug|Any CPU
		{4D2B7D5A-3978-4BCA-A5EE-5F3AA89B4C00}.Debug|Any CPU.Build.0 = Debug|Any CPU
		{4D2B7D5A-3978-4BCA-A5EE-5F3AA89B4C00}.Release|Any CPU.ActiveCfg = Release|Any CPU
		{4D2B7D5A-3978-4BCA-A5EE-5F3AA89B4C00}.Release|Any CPU.Build.0 = Release|Any CPU
		{2EE87315-8EC2-4413-88AA-6EC95A778A9E}.Debug|Any CPU.ActiveCfg = Debug|Any CPU
		{2EE87315-8EC2-4413-88AA-6EC95A778A9E}.Debug|Any CPU.Build.0 = Debug|Any CPU
		{2EE87315-8EC2-4413-88AA-6EC95A778A9E}.Release|Any CPU.ActiveCfg = Release|Any CPU
		{2EE87315-8EC2-4413-88AA-6EC95A778A9E}.Release|Any CPU.Build.0 = Release|Any CPU
		{926FC29E-2784-469E-93DB-913C5209EF76}.Debug|Any CPU.ActiveCfg = Debug|Any CPU
		{926FC29E-2784-469E-93DB-913C5209EF76}.Debug|Any CPU.Build.0 = Debug|Any CPU
		{926FC29E-2784-469E-93DB-913C5209EF76}.Release|Any CPU.ActiveCfg = Release|Any CPU
		{926FC29E-2784-469E-93DB-913C5209EF76}.Release|Any CPU.Build.0 = Release|Any CPU
		{F4A272C4-0D91-42C4-A8D3-5E7107F33B2B}.Debug|Any CPU.ActiveCfg = Debug|Any CPU
		{F4A272C4-0D91-42C4-A8D3-5E7107F33B2B}.Debug|Any CPU.Build.0 = Debug|Any CPU
		{F4A272C4-0D91-42C4-A8D3-5E7107F33B2B}.Release|Any CPU.ActiveCfg = Release|Any CPU
		{F4A272C4-0D91-42C4-A8D3-5E7107F33B2B}.Release|Any CPU.Build.0 = Release|Any CPU
		{4B487C7B-5940-4895-9494-5F937D0D2FD1}.Debug|Any CPU.ActiveCfg = Debug|Any CPU
		{4B487C7B-5940-4895-9494-5F937D0D2FD1}.Debug|Any CPU.Build.0 = Debug|Any CPU
		{4B487C7B-5940-4895-9494-5F937D0D2FD1}.Release|Any CPU.ActiveCfg = Release|Any CPU
		{4B487C7B-5940-4895-9494-5F937D0D2FD1}.Release|Any CPU.Build.0 = Release|Any CPU
		{21EEC2E9-9173-40B0-BDAB-FBA76CD8580C}.Debug|Any CPU.ActiveCfg = Debug|Any CPU
		{21EEC2E9-9173-40B0-BDAB-FBA76CD8580C}.Debug|Any CPU.Build.0 = Debug|Any CPU
		{21EEC2E9-9173-40B0-BDAB-FBA76CD8580C}.Release|Any CPU.ActiveCfg = Release|Any CPU
		{21EEC2E9-9173-40B0-BDAB-FBA76CD8580C}.Release|Any CPU.Build.0 = Release|Any CPU
		{8A1CCB52-6471-4ACF-B831-BCA3594D0360}.Debug|Any CPU.ActiveCfg = Debug|Any CPU
		{8A1CCB52-6471-4ACF-B831-BCA3594D0360}.Debug|Any CPU.Build.0 = Debug|Any CPU
		{8A1CCB52-6471-4ACF-B831-BCA3594D0360}.Release|Any CPU.ActiveCfg = Release|Any CPU
		{8A1CCB52-6471-4ACF-B831-BCA3594D0360}.Release|Any CPU.Build.0 = Release|Any CPU
		{DCA0AE40-A830-45AD-B3E7-FC14B015AA81}.Debug|Any CPU.ActiveCfg = Debug|Any CPU
		{DCA0AE40-A830-45AD-B3E7-FC14B015AA81}.Debug|Any CPU.Build.0 = Debug|Any CPU
		{DCA0AE40-A830-45AD-B3E7-FC14B015AA81}.Release|Any CPU.ActiveCfg = Release|Any CPU
		{DCA0AE40-A830-45AD-B3E7-FC14B015AA81}.Release|Any CPU.Build.0 = Release|Any CPU
		{E9603460-272C-42D0-A74B-AC0531B81810}.Debug|Any CPU.ActiveCfg = Debug|Any CPU
		{E9603460-272C-42D0-A74B-AC0531B81810}.Debug|Any CPU.Build.0 = Debug|Any CPU
		{E9603460-272C-42D0-A74B-AC0531B81810}.Release|Any CPU.ActiveCfg = Release|Any CPU
		{E9603460-272C-42D0-A74B-AC0531B81810}.Release|Any CPU.Build.0 = Release|Any CPU
		{180FF56C-AAB3-4AE3-A4F9-E977DDEEF412}.Debug|Any CPU.ActiveCfg = Debug|Any CPU
		{180FF56C-AAB3-4AE3-A4F9-E977DDEEF412}.Debug|Any CPU.Build.0 = Debug|Any CPU
		{180FF56C-AAB3-4AE3-A4F9-E977DDEEF412}.Release|Any CPU.ActiveCfg = Release|Any CPU
		{180FF56C-AAB3-4AE3-A4F9-E977DDEEF412}.Release|Any CPU.Build.0 = Release|Any CPU
		{E329617A-6DF8-4427-8324-F7899E5D9C8C}.Debug|Any CPU.ActiveCfg = Debug|Any CPU
		{E329617A-6DF8-4427-8324-F7899E5D9C8C}.Debug|Any CPU.Build.0 = Debug|Any CPU
		{E329617A-6DF8-4427-8324-F7899E5D9C8C}.Release|Any CPU.ActiveCfg = Release|Any CPU
		{E329617A-6DF8-4427-8324-F7899E5D9C8C}.Release|Any CPU.Build.0 = Release|Any CPU
		{C149CAAF-51A0-4FEA-8746-D2CBEBE4A1AD}.Debug|Any CPU.ActiveCfg = Debug|Any CPU
		{C149CAAF-51A0-4FEA-8746-D2CBEBE4A1AD}.Debug|Any CPU.Build.0 = Debug|Any CPU
		{C149CAAF-51A0-4FEA-8746-D2CBEBE4A1AD}.Release|Any CPU.ActiveCfg = Release|Any CPU
		{C149CAAF-51A0-4FEA-8746-D2CBEBE4A1AD}.Release|Any CPU.Build.0 = Release|Any CPU
		{92B50A3F-1224-4086-A51C-D26844388013}.Debug|Any CPU.ActiveCfg = Debug|Any CPU
		{92B50A3F-1224-4086-A51C-D26844388013}.Debug|Any CPU.Build.0 = Debug|Any CPU
		{92B50A3F-1224-4086-A51C-D26844388013}.Release|Any CPU.ActiveCfg = Release|Any CPU
		{92B50A3F-1224-4086-A51C-D26844388013}.Release|Any CPU.Build.0 = Release|Any CPU
	EndGlobalSection
	GlobalSection(SolutionProperties) = preSolution
		HideSolutionNode = FALSE
	EndGlobalSection
	GlobalSection(ExtensibilityGlobals) = postSolution
		SolutionGuid = {6B189F3A-950C-41B0-984A-72EE89C91E8C}
	EndGlobalSection
EndGlobal
