
Microsoft Visual Studio Solution File, Format Version 12.00
# Visual Studio Version 16
VisualStudioVersion = 16.0.29806.167
MinimumVisualStudioVersion = 10.0.40219.1
Project("{9A19103F-16F7-4668-BE54-9A1E7A4F7556}") = "Bog", "Bog\Bog.csproj", "{B0602F83-95F3-4B78-9A03-844070FE119D}"
EndProject
Project("{9A19103F-16F7-4668-BE54-9A1E7A4F7556}") = "LilleTabel", "LilleTabel\LilleTabel.csproj", "{4D2B7D5A-3978-4BCA-A5EE-5F3AA89B4C00}"
EndProject
Project("{FAE04EC0-301F-11D3-BF4B-00C04F79EFBC}") = "Collections", "Collections\Collections.csproj", "{2EE87315-8EC2-4413-88AA-6EC95A778A9E}"
EndProject
Global
	GlobalSection(SolutionConfigurationPlatforms) = preSolution
		Debug|Any CPU = Debug|Any CPU
		Release|Any CPU = Release|Any CPU
	EndGlobalSection
	GlobalSection(ProjectConfigurationPlatforms) = postSolution
		{B0602F83-95F3-4B78-9A03-844070FE119D}.Debug|Any CPU.ActiveCfg = Debug|Any CPU
		{B0602F83-95F3-4B78-9A03-844070FE119D}.Debug|Any CPU.Build.0 = Debug|Any CPU
		{B0602F83-95F3-4B78-9A03-844070FE119D}.Release|Any CPU.ActiveCfg = Release|Any CPU
		{B0602F83-95F3-4B78-9A03-844070FE119D}.Release|Any CPU.Build.0 = Release|Any CPU
		{4D2B7D5A-3978-4BCA-A5EE-5F3AA89B4C00}.Debug|Any CPU.ActiveCfg = Debug|Any CPU
		{4D2B7D5A-3978-4BCA-A5EE-5F3AA89B4C00}.Debug|Any CPU.Build.0 = Debug|Any CPU
		{4D2B7D5A-3978-4BCA-A5EE-5F3AA89B4C00}.Release|Any CPU.ActiveCfg = Release|Any CPU
		{4D2B7D5A-3978-4BCA-A5EE-5F3AA89B4C00}.Release|Any CPU.Build.0 = Release|Any CPU
		{2EE87315-8EC2-4413-88AA-6EC95A778A9E}.Debug|Any CPU.ActiveCfg = Debug|Any CPU
		{2EE87315-8EC2-4413-88AA-6EC95A778A9E}.Debug|Any CPU.Build.0 = Debug|Any CPU
		{2EE87315-8EC2-4413-88AA-6EC95A778A9E}.Release|Any CPU.ActiveCfg = Release|Any CPU
		{2EE87315-8EC2-4413-88AA-6EC95A778A9E}.Release|Any CPU.Build.0 = Release|Any CPU
	EndGlobalSection
	GlobalSection(SolutionProperties) = preSolution
		HideSolutionNode = FALSE
	EndGlobalSection
	GlobalSection(ExtensibilityGlobals) = postSolution
		SolutionGuid = {6B189F3A-950C-41B0-984A-72EE89C91E8C}
	EndGlobalSection
EndGlobal
